// !$*UTF8*$!
{
	archiveVersion = 1;
	classes = {
	};
	objectVersion = 55;
	objects = {

/* Begin PBXBuildFile section */
		2C0BE02D295732110099AD7C /* DatePickerStateView.swift in Sources */ = {isa = PBXBuildFile; fileRef = 2C0BE02C295732110099AD7C /* DatePickerStateView.swift */; };
		2C0BE02F295751B70099AD7C /* PickerStateView.swift in Sources */ = {isa = PBXBuildFile; fileRef = 2C0BE02E295751B70099AD7C /* PickerStateView.swift */; };
		2C1531D02CB566CC00360615 /* GoalsFormFs.swift in Sources */ = {isa = PBXBuildFile; fileRef = 2C1531CF2CB566C300360615 /* GoalsFormFs.swift */; };
		2C246BCF2AD563AC008780E1 /* sound_timer_expired.mp3 in Resources */ = {isa = PBXBuildFile; fileRef = 2C246BCE2AD563AC008780E1 /* sound_timer_expired.mp3 */; };
		2C273F2B2BA4ACEB0016F11D /* AskAQuestionListButtonView.swift in Sources */ = {isa = PBXBuildFile; fileRef = 2C273F2A2BA4ACEB0016F11D /* AskAQuestionListButtonView.swift */; };
		2C273F2D2BB99A200016F11D /* ChecklistView.swift in Sources */ = {isa = PBXBuildFile; fileRef = 2C273F2C2BB99A200016F11D /* ChecklistView.swift */; };
		2C273F2F2BBAE3090016F11D /* ChecklistFormSheet.swift in Sources */ = {isa = PBXBuildFile; fileRef = 2C273F2E2BBAE3090016F11D /* ChecklistFormSheet.swift */; };
		2C2C205D2B7A824A00D4B325 /* PrivacySheet.swift in Sources */ = {isa = PBXBuildFile; fileRef = 2C2C205C2B7A824A00D4B325 /* PrivacySheet.swift */; };
		2C2E93F8290117E300EAADBE /* HomeView.swift in Sources */ = {isa = PBXBuildFile; fileRef = 31821ED2142F08DDD1E0CC75 /* HomeView.swift */; };
		2C2E93F92905759100EAADBE /* TimerPickerSheet.swift in Sources */ = {isa = PBXBuildFile; fileRef = 31821AE61EE1FC22CCF8E753 /* TimerPickerSheet.swift */; };
		2C2E93FA2905B57700EAADBE /* ScrollViewWithVListener.swift in Sources */ = {isa = PBXBuildFile; fileRef = 318218D93C3456758557A6E0 /* ScrollViewWithVListener.swift */; };
		2C37C4152D216A6500995840 /* VmView.swift in Sources */ = {isa = PBXBuildFile; fileRef = 2C37C4142D2169DE00995840 /* VmView.swift */; };
		2C37C4162D216A6500995840 /* VmView.swift in Sources */ = {isa = PBXBuildFile; fileRef = 2C37C4142D2169DE00995840 /* VmView.swift */; };
		2C37C4182D216D0200995840 /* view_extensions.swift in Sources */ = {isa = PBXBuildFile; fileRef = 2C37C4172D216CF500995840 /* view_extensions.swift */; };
		2C37C4192D216D0200995840 /* view_extensions.swift in Sources */ = {isa = PBXBuildFile; fileRef = 2C37C4172D216CF500995840 /* view_extensions.swift */; };
		2C37C41B2D217F6E00995840 /* SettingsScreen.swift in Sources */ = {isa = PBXBuildFile; fileRef = 2C37C41A2D217F6C00995840 /* SettingsScreen.swift */; };
		2C37C41F2D219C6900995840 /* SettingsNavigation.swift in Sources */ = {isa = PBXBuildFile; fileRef = 2C37C41E2D219C5400995840 /* SettingsNavigation.swift */; };
		2C37C4212D219FA800995840 /* WhatsNewScreen.swift in Sources */ = {isa = PBXBuildFile; fileRef = 2C37C4202D219FA200995840 /* WhatsNewScreen.swift */; };
		2C37C4232D21A90D00995840 /* ReadmeScreen.swift in Sources */ = {isa = PBXBuildFile; fileRef = 2C37C4222D21A90700995840 /* ReadmeScreen.swift */; };
		2C37C4252D22797500995840 /* Navigation.swift in Sources */ = {isa = PBXBuildFile; fileRef = 2C37C4242D22797100995840 /* Navigation.swift */; };
		2C4044982951FCA800A24521 /* emojis.json in Resources */ = {isa = PBXBuildFile; fileRef = 2C4044972951FCA800A24521 /* emojis.json */; };
		2C4A5EE12CB7F71600340578 /* GoalFormFs.swift in Sources */ = {isa = PBXBuildFile; fileRef = 2C4A5EE02CB7F71600340578 /* GoalFormFs.swift */; };
		2C4F676F2A5C743D00F6013B /* timer_font.otf in Resources */ = {isa = PBXBuildFile; fileRef = 2C4F676E2A5C743D00F6013B /* timer_font.otf */; };
		2C5BD61B2A6076F000AD4042 /* ReadmeSheet.swift in Sources */ = {isa = PBXBuildFile; fileRef = 2C5BD61A2A6076F000AD4042 /* ReadmeSheet.swift */; };
		2C672A102B74CC01002BC21C /* EventsView.swift in Sources */ = {isa = PBXBuildFile; fileRef = 2C672A0F2B74CC01002BC21C /* EventsView.swift */; };
		2C672A122B74CF76002BC21C /* EventsCalendarView.swift in Sources */ = {isa = PBXBuildFile; fileRef = 2C672A112B74CF76002BC21C /* EventsCalendarView.swift */; };
		2C82BF5A28726E400041BCA3 /* WAssets.xcassets in Resources */ = {isa = PBXBuildFile; fileRef = 2C82BF5928726E400041BCA3 /* WAssets.xcassets */; };
		2C82BF6528726E400041BCA3 /* W_TabsView.swift in Sources */ = {isa = PBXBuildFile; fileRef = 2C82BF6428726E400041BCA3 /* W_TabsView.swift */; };
		2C82BF6728726E400041BCA3 /* W_App.swift in Sources */ = {isa = PBXBuildFile; fileRef = 2C82BF6628726E400041BCA3 /* W_App.swift */; };
		2C82BF6B28726E400041BCA3 /* Assets.xcassets in Resources */ = {isa = PBXBuildFile; fileRef = 2C82BF6A28726E400041BCA3 /* Assets.xcassets */; };
		2C82BF6E28726E400041BCA3 /* Preview Assets.xcassets in Resources */ = {isa = PBXBuildFile; fileRef = 2C82BF6D28726E400041BCA3 /* Preview Assets.xcassets */; };
		2C82BF7228726E400041BCA3 /* timeto.me.app in Embed Watch Content */ = {isa = PBXBuildFile; fileRef = 2C82BF5728726E3F0041BCA3 /* timeto.me.app */; settings = {ATTRIBUTES = (RemoveHeadersOnCopy, ); }; };
		2C82BF7C287272520041BCA3 /* W_Delegate.swift in Sources */ = {isa = PBXBuildFile; fileRef = 2C82BF7B287272520041BCA3 /* W_Delegate.swift */; };
		2C95BA8D280D74AA0027FC35 /* IOSApp.swift in Sources */ = {isa = PBXBuildFile; fileRef = 2C95BA7A280D74AA0027FC35 /* IOSApp.swift */; };
		2CA9C0372C39F0E300A321FA /* DividerBgScroll.swift in Sources */ = {isa = PBXBuildFile; fileRef = 2CA9C0362C39F0E300A321FA /* DividerBgScroll.swift */; };
		2CAF3CE22CD0110200CC6DE5 /* GoalPeriodFormFs.swift in Sources */ = {isa = PBXBuildFile; fileRef = 2CAF3CE12CD0110200CC6DE5 /* GoalPeriodFormFs.swift */; };
		2CB73DE3292FACE00053B2D6 /* SearchEmojiSheet.swift in Sources */ = {isa = PBXBuildFile; fileRef = 2CB73DE2292FACE00053B2D6 /* SearchEmojiSheet.swift */; };
		2CDEAB582C00E27600519C3D /* Fs.swift in Sources */ = {isa = PBXBuildFile; fileRef = 2CDEAB572C00E27600519C3D /* Fs.swift */; };
		2CDEAB5A2C00F90C00519C3D /* RepeatingFormPeriodFs.swift in Sources */ = {isa = PBXBuildFile; fileRef = 2CDEAB592C00F90C00519C3D /* RepeatingFormPeriodFs.swift */; };
		318210C5F98B5CD4E8D8C104 /* FoldersSettingsSheet.swift in Sources */ = {isa = PBXBuildFile; fileRef = 31821E3EB266890584C3EF87 /* FoldersSettingsSheet.swift */; };
		318210CF629A7E593B9F8FE4 /* ChecklistItemFormSheet.swift in Sources */ = {isa = PBXBuildFile; fileRef = 31821290CB27918CD444FBB0 /* ChecklistItemFormSheet.swift */; };
		318210E102D112C2860ADF9F /* DialogCloseButton.swift in Sources */ = {isa = PBXBuildFile; fileRef = 31821E53EB27CE7F81AF0F69 /* DialogCloseButton.swift */; };
		318210ECF60308ECF341FEA2 /* utils_ios.swift in Sources */ = {isa = PBXBuildFile; fileRef = 3182118D8EA3E0D889D4FDC3 /* utils_ios.swift */; };
		318210F0EEFF944CD87E3A98 /* TabReadmeView.swift in Sources */ = {isa = PBXBuildFile; fileRef = 31821287721625075228B91E /* TabReadmeView.swift */; };
		3182115F28EDF1E93DC73694 /* DividerBg.swift in Sources */ = {isa = PBXBuildFile; fileRef = 31821D886EB022A0AD988588 /* DividerBg.swift */; };
		318211C63D2C7A7AC48659E8 /* AppDelegate.swift in Sources */ = {isa = PBXBuildFile; fileRef = 31821996D20B09EBA4F73C2B /* AppDelegate.swift */; };
		318211D5994178629ED2FA09 /* W_TabTasksView.swift in Sources */ = {isa = PBXBuildFile; fileRef = 3182161C9947F88C6A1D3B80 /* W_TabTasksView.swift */; };
		318212C07B5351BA8C7C9671 /* PieView.swift in Sources */ = {isa = PBXBuildFile; fileRef = 31821E01EC49E0964E5CB2F5 /* PieView.swift */; };
		318212D55BBA074155F95EB0 /* TextField__VMState.swift in Sources */ = {isa = PBXBuildFile; fileRef = 31821CC7588164B713321141 /* TextField__VMState.swift */; };
		3182132BB1D4C32160A2EBCE /* TasksListView.swift in Sources */ = {isa = PBXBuildFile; fileRef = 31821AD0C2CE87BF5AE03022 /* TasksListView.swift */; };
		318213413EE00D5D8F3FA396 /* EventsListView.swift in Sources */ = {isa = PBXBuildFile; fileRef = 31821F7CBA1480191F065D5E /* EventsListView.swift */; };
		318213463760A308F3C143A0 /* SettingsSheet.swift in Sources */ = {isa = PBXBuildFile; fileRef = 318215C1991B23DE1654074B /* SettingsSheet.swift */; };
		3182135819CDEB457816DD2B /* SheetHeaderView.swift in Sources */ = {isa = PBXBuildFile; fileRef = 31821BCB57EC030987E8342E /* SheetHeaderView.swift */; };
		318213F14285EE686F7C1AF4 /* RepeatingFormSheet.swift in Sources */ = {isa = PBXBuildFile; fileRef = 31821D879F9361C3DD65EAC9 /* RepeatingFormSheet.swift */; };
		318213FBF8D67B0E8E5463AC /* RepeatingsListView.swift in Sources */ = {isa = PBXBuildFile; fileRef = 31821B68F7E968EF32723112 /* RepeatingsListView.swift */; };
		3182144AE3592F81006F06BC /* TextFieldClearButtonView.swift in Sources */ = {isa = PBXBuildFile; fileRef = 318216D54CC429737780D176 /* TextFieldClearButtonView.swift */; };
		318214AB1E16DF8DC1C357F6 /* NativeSheet.swift in Sources */ = {isa = PBXBuildFile; fileRef = 318219ADD916F23943506F7F /* NativeSheet.swift */; };
		318214AF2E65AEC255D6204D /* TimerHintsView.swift in Sources */ = {isa = PBXBuildFile; fileRef = 3182151E7DF53609AA812ED1 /* TimerHintsView.swift */; };
		318214BD0E34368A953B17CD /* MyListSwipeToActionItem.swift in Sources */ = {isa = PBXBuildFile; fileRef = 31821DC6AEBDF478C34116FE /* MyListSwipeToActionItem.swift */; };
		318214C7567540476671C2FB /* W_TabTimerView.swift in Sources */ = {isa = PBXBuildFile; fileRef = 31821CEEF63544D48A45B8F4 /* W_TabTimerView.swift */; };
		318214F11883D036EC488EA5 /* TaskFormSheet.swift in Sources */ = {isa = PBXBuildFile; fileRef = 31821F4527059D286AC0AF41 /* TaskFormSheet.swift */; };
		318215958A7A06F6610DF5AF /* TimetoAlert.swift in Sources */ = {isa = PBXBuildFile; fileRef = 31821527096D1BDB0A35B178 /* TimetoAlert.swift */; };
		318215D20ED732E4BF4F3071 /* ChecklistSheet.swift in Sources */ = {isa = PBXBuildFile; fileRef = 31821A7EADEF749C7A5F04DE /* ChecklistSheet.swift */; };
		31821611D065F54C0BC007A9 /* DaytimePickerSheet.swift in Sources */ = {isa = PBXBuildFile; fileRef = 31821D4211F3426B1F444F81 /* DaytimePickerSheet.swift */; };
		3182163121ABFB307798FDA9 /* ChecklistsPickerSheet.swift in Sources */ = {isa = PBXBuildFile; fileRef = 31821D2439CE2014EF5FF473 /* ChecklistsPickerSheet.swift */; };
		3182165F04FA76ED88CD4696 /* TextFeaturesTriggersFormView.swift in Sources */ = {isa = PBXBuildFile; fileRef = 31821CC8696F1EF2463FFE14 /* TextFeaturesTriggersFormView.swift */; };
		318216CD611B132D9DE288F3 /* EventTemplatesView.swift in Sources */ = {isa = PBXBuildFile; fileRef = 31821B4BCB049B516BF2DF2E /* EventTemplatesView.swift */; };
		318216E60DD4CA4153065416 /* utils_apple.swift in Sources */ = {isa = PBXBuildFile; fileRef = 31821E58DC92CD5673A6B49E /* utils_apple.swift */; };
		318216F271691CC07FC67AFC /* ChecklistNameDialog.swift in Sources */ = {isa = PBXBuildFile; fileRef = 318212FEA97CBD2AEC3AA1D6 /* ChecklistNameDialog.swift */; };
		3182172EBDF607665AA6DBD2 /* ActivityTimerSheet.swift in Sources */ = {isa = PBXBuildFile; fileRef = 318211757B7EE8E4805AD047 /* ActivityTimerSheet.swift */; };
		318217982A5F8106B497432F /* SheetDividerBg.swift in Sources */ = {isa = PBXBuildFile; fileRef = 31821956E237470E838F18A0 /* SheetDividerBg.swift */; };
		31821859FBE8390BA3346A0E /* EventTemplateFormSheet.swift in Sources */ = {isa = PBXBuildFile; fileRef = 31821C3C168B3948A5636451 /* EventTemplateFormSheet.swift */; };
		31821874203EAD4F021DAD0E /* AutoBackupIos.swift in Sources */ = {isa = PBXBuildFile; fileRef = 31821D5928C18299586075F4 /* AutoBackupIos.swift */; };
		3182197D9BDC28A7649BA7E1 /* TextFeaturesTimerFormView.swift in Sources */ = {isa = PBXBuildFile; fileRef = 31821F29E288957ABB3DF794 /* TextFeaturesTimerFormView.swift */; };
		3182199F1FA4EF9D78D19E95 /* Sheet.swift in Sources */ = {isa = PBXBuildFile; fileRef = 31821110E735778C88CDF821 /* Sheet.swift */; };
		318219D2BBD9BE5D46C83469 /* EditActivitiesSheet.swift in Sources */ = {isa = PBXBuildFile; fileRef = 31821CF31C64B32D614C6A9D /* EditActivitiesSheet.swift */; };
		318219E30EE52A96A502BF30 /* KeyboardManager.swift in Sources */ = {isa = PBXBuildFile; fileRef = 3182189A26C9B48C0D2E8A4A /* KeyboardManager.swift */; };
		318219E4F8AFEB280A077F74 /* utils_apple.swift in Sources */ = {isa = PBXBuildFile; fileRef = 31821E58DC92CD5673A6B49E /* utils_apple.swift */; };
		318219F4F07E446C4B3C607D /* Divider.swift in Sources */ = {isa = PBXBuildFile; fileRef = 318216B917315DE1929486AC /* Divider.swift */; };
		318219F8C525548F4D40DF35 /* atm_apple.swift in Sources */ = {isa = PBXBuildFile; fileRef = 31821346E2128825E6DBB9F8 /* atm_apple.swift */; };
		31821A31BFF9D29DD019E05D /* NoteSheet.swift in Sources */ = {isa = PBXBuildFile; fileRef = 31821B172A150ADBF8ECF529 /* NoteSheet.swift */; };
		31821A329A5D1AE8F7CB0604 /* EventFormSheet.swift in Sources */ = {isa = PBXBuildFile; fileRef = 318212B384624F1CF416C576 /* EventFormSheet.swift */; };
		31821A46712E80148E00481B /* MailView.swift in Sources */ = {isa = PBXBuildFile; fileRef = 31821C625A8A199EAEF17182 /* MailView.swift */; };
		31821A76C3FAC481BE5C7C66 /* DaytimePickerSliderView.swift in Sources */ = {isa = PBXBuildFile; fileRef = 31821629888DF1D9B797A39A /* DaytimePickerSliderView.swift */; };
		31821A947CB3AFF5CE923090 /* ShortcutFormSheet.swift in Sources */ = {isa = PBXBuildFile; fileRef = 3182106A0DA4A0D8844CFA11 /* ShortcutFormSheet.swift */; };
		31821AAC3BB87DE0D8E46697 /* TasksView.swift in Sources */ = {isa = PBXBuildFile; fileRef = 3182118FAB48EDF7FE78201B /* TasksView.swift */; };
		31821AFA9798F3945CA34D09 /* ActivityPickerSheet.swift in Sources */ = {isa = PBXBuildFile; fileRef = 31821A15532BF8D598665449 /* ActivityPickerSheet.swift */; };
		31821B177073394D777AED10 /* EventsCalendarDayView.swift in Sources */ = {isa = PBXBuildFile; fileRef = 3182153700935B575E6144A5 /* EventsCalendarDayView.swift */; };
		31821BC7F849A5C918F61175 /* ActivityColorSheet.swift in Sources */ = {isa = PBXBuildFile; fileRef = 318211488ABF627A2A9935A7 /* ActivityColorSheet.swift */; };
		31821BCA3B405E8B0F65AB72 /* DividerFg.swift in Sources */ = {isa = PBXBuildFile; fileRef = 31821CCA60BF87AA05635423 /* DividerFg.swift */; };
		31821BCAB8BA795D691FADF8 /* MyListView.swift in Sources */ = {isa = PBXBuildFile; fileRef = 31821D7654D0C105DFC60DDD /* MyListView.swift */; };
		31821BD87B0E4B9CC03CD31D /* ActivityPomodoroSheet.swift in Sources */ = {isa = PBXBuildFile; fileRef = 3182197746881B28790F44E1 /* ActivityPomodoroSheet.swift */; };
		31821C095E0F97CA52AE37ED /* atm_apple.swift in Sources */ = {isa = PBXBuildFile; fileRef = 31821346E2128825E6DBB9F8 /* atm_apple.swift */; };
		31821C0BB92532D84114C15C /* TriggersListIconsView.swift in Sources */ = {isa = PBXBuildFile; fileRef = 3182157C5CB954867515B4BA /* TriggersListIconsView.swift */; };
		31821C4D6DA83EF42B805658 /* MySpacerSize.swift in Sources */ = {isa = PBXBuildFile; fileRef = 318212FFE80A0856A0A88DCF /* MySpacerSize.swift */; };
		31821CF86EDC2A5C5CB362E0 /* SheetDividerFg.swift in Sources */ = {isa = PBXBuildFile; fileRef = 3182143FB317BCD82F61C777 /* SheetDividerFg.swift */; };
		31821D021B3DC7EACD7E4EAA /* ShortcutsPickerSheet.swift in Sources */ = {isa = PBXBuildFile; fileRef = 31821F858C3344296F2CB750 /* ShortcutsPickerSheet.swift */; };
		31821D1716CFA24F74C1BE6C /* NoteFormSheet.swift in Sources */ = {isa = PBXBuildFile; fileRef = 318213EABC97ED666E1FBF91 /* NoteFormSheet.swift */; };
		31821D335AF5DBA16579CA61 /* WhatsNewFs.swift in Sources */ = {isa = PBXBuildFile; fileRef = 31821DED445F739FAF7C55D0 /* WhatsNewFs.swift */; };
		31821D960D04B6FF21EA9918 /* ActivityFormSheet.swift in Sources */ = {isa = PBXBuildFile; fileRef = 31821794CA93E29D6889286D /* ActivityFormSheet.swift */; };
		31821DF8D1DFB408872C85BD /* FolderFormSheet.swift in Sources */ = {isa = PBXBuildFile; fileRef = 31821514C5F55F9A34FBC8AD /* FolderFormSheet.swift */; };
		31821DF974247D110D01C3A2 /* ActivitiesTimerSheet.swift in Sources */ = {isa = PBXBuildFile; fileRef = 318213DE3B58FA098A8DBAE7 /* ActivitiesTimerSheet.swift */; };
		31821E89257A3F8032DE116A /* SummaryChartView.swift in Sources */ = {isa = PBXBuildFile; fileRef = 3182118DB415E858D0B449DB /* SummaryChartView.swift */; };
		31821ED40BEA91336DBFE0B4 /* W_TickerDialog.swift in Sources */ = {isa = PBXBuildFile; fileRef = 31821FC26DE90D545D9620B0 /* W_TickerDialog.swift */; };
		31821EE26161D262CC020E3D /* SummarySheet.swift in Sources */ = {isa = PBXBuildFile; fileRef = 31821E54E02F361F1AD21375 /* SummarySheet.swift */; };
		31821F3DCAF6792F0E78CEBD /* HistoryView.swift in Sources */ = {isa = PBXBuildFile; fileRef = 31821ACA6C9306A2CD2016A0 /* HistoryView.swift */; };
		31821F9ADE8CC50422F28059 /* WeekDaysFormView.swift in Sources */ = {isa = PBXBuildFile; fileRef = 31821F2108CAA3ADBA741879 /* WeekDaysFormView.swift */; };
		31821F9CB27F8F5BF61E2D37 /* Assets.xcassets in Resources */ = {isa = PBXBuildFile; fileRef = 3182151D618D3ED8AEE1B80A /* Assets.xcassets */; };
		31821FB6B5CC8647F2541328 /* EventsListEventView.swift in Sources */ = {isa = PBXBuildFile; fileRef = 31821220E2A7C6FBE2EA3D34 /* EventsListEventView.swift */; };
/* End PBXBuildFile section */

/* Begin PBXContainerItemProxy section */
		2C82BF7028726E400041BCA3 /* PBXContainerItemProxy */ = {
			isa = PBXContainerItemProxy;
			containerPortal = 2C95BA73280D74A90027FC35 /* Project object */;
			proxyType = 1;
			remoteGlobalIDString = 2C82BF5628726E3F0041BCA3;
			remoteInfo = watch;
		};
/* End PBXContainerItemProxy section */

/* Begin PBXCopyFilesBuildPhase section */
		2C82BF7328726E400041BCA3 /* Embed Watch Content */ = {
			isa = PBXCopyFilesBuildPhase;
			buildActionMask = 2147483647;
			dstPath = "$(CONTENTS_FOLDER_PATH)/Watch";
			dstSubfolderSpec = 16;
			files = (
				2C82BF7228726E400041BCA3 /* timeto.me.app in Embed Watch Content */,
			);
			name = "Embed Watch Content";
			runOnlyForDeploymentPostprocessing = 0;
		};
/* End PBXCopyFilesBuildPhase section */

/* Begin PBXFileReference section */
		2C0BE02C295732110099AD7C /* DatePickerStateView.swift */ = {isa = PBXFileReference; lastKnownFileType = sourcecode.swift; path = DatePickerStateView.swift; sourceTree = "<group>"; };
		2C0BE02E295751B70099AD7C /* PickerStateView.swift */ = {isa = PBXFileReference; lastKnownFileType = sourcecode.swift; path = PickerStateView.swift; sourceTree = "<group>"; };
		2C1531CF2CB566C300360615 /* GoalsFormFs.swift */ = {isa = PBXFileReference; lastKnownFileType = sourcecode.swift; path = GoalsFormFs.swift; sourceTree = "<group>"; };
		2C246BCE2AD563AC008780E1 /* sound_timer_expired.mp3 */ = {isa = PBXFileReference; lastKnownFileType = audio.mp3; name = sound_timer_expired.mp3; path = ../android_app/src/main/res/raw/sound_timer_expired.mp3; sourceTree = "<group>"; };
		2C273F2A2BA4ACEB0016F11D /* AskAQuestionListButtonView.swift */ = {isa = PBXFileReference; lastKnownFileType = sourcecode.swift; path = AskAQuestionListButtonView.swift; sourceTree = "<group>"; };
		2C273F2C2BB99A200016F11D /* ChecklistView.swift */ = {isa = PBXFileReference; lastKnownFileType = sourcecode.swift; path = ChecklistView.swift; sourceTree = "<group>"; };
		2C273F2E2BBAE3090016F11D /* ChecklistFormSheet.swift */ = {isa = PBXFileReference; lastKnownFileType = sourcecode.swift; path = ChecklistFormSheet.swift; sourceTree = "<group>"; };
		2C2C205C2B7A824A00D4B325 /* PrivacySheet.swift */ = {isa = PBXFileReference; lastKnownFileType = sourcecode.swift; path = PrivacySheet.swift; sourceTree = "<group>"; };
		2C2C419628C4CF2A00923267 /* timeto (iOS).entitlements */ = {isa = PBXFileReference; lastKnownFileType = text.plist.entitlements; path = "timeto (iOS).entitlements"; sourceTree = "<group>"; };
		2C2C419728C4D83400923267 /* timeto--iOS--Info.plist */ = {isa = PBXFileReference; lastKnownFileType = text.plist; path = "timeto--iOS--Info.plist"; sourceTree = "<group>"; };
		2C37C4142D2169DE00995840 /* VmView.swift */ = {isa = PBXFileReference; lastKnownFileType = sourcecode.swift; path = VmView.swift; sourceTree = "<group>"; };
		2C37C4172D216CF500995840 /* view_extensions.swift */ = {isa = PBXFileReference; lastKnownFileType = sourcecode.swift; path = view_extensions.swift; sourceTree = "<group>"; };
		2C37C41A2D217F6C00995840 /* SettingsScreen.swift */ = {isa = PBXFileReference; lastKnownFileType = sourcecode.swift; path = SettingsScreen.swift; sourceTree = "<group>"; };
		2C37C41E2D219C5400995840 /* SettingsNavigation.swift */ = {isa = PBXFileReference; lastKnownFileType = sourcecode.swift; path = SettingsNavigation.swift; sourceTree = "<group>"; };
		2C37C4202D219FA200995840 /* WhatsNewScreen.swift */ = {isa = PBXFileReference; lastKnownFileType = sourcecode.swift; path = WhatsNewScreen.swift; sourceTree = "<group>"; };
		2C37C4222D21A90700995840 /* ReadmeScreen.swift */ = {isa = PBXFileReference; lastKnownFileType = sourcecode.swift; path = ReadmeScreen.swift; sourceTree = "<group>"; };
		2C37C4242D22797100995840 /* Navigation.swift */ = {isa = PBXFileReference; lastKnownFileType = sourcecode.swift; path = Navigation.swift; sourceTree = "<group>"; };
		2C4044972951FCA800A24521 /* emojis.json */ = {isa = PBXFileReference; fileEncoding = 4; lastKnownFileType = text.json; name = emojis.json; path = ../android_app/src/main/res/raw/emojis.json; sourceTree = "<group>"; };
		2C4A5EE02CB7F71600340578 /* GoalFormFs.swift */ = {isa = PBXFileReference; lastKnownFileType = sourcecode.swift; path = GoalFormFs.swift; sourceTree = "<group>"; };
		2C4F676E2A5C743D00F6013B /* timer_font.otf */ = {isa = PBXFileReference; lastKnownFileType = file; name = timer_font.otf; path = ../android_app/src/main/res/font/timer_font.otf; sourceTree = "<group>"; };
		2C5BD61A2A6076F000AD4042 /* ReadmeSheet.swift */ = {isa = PBXFileReference; lastKnownFileType = sourcecode.swift; path = ReadmeSheet.swift; sourceTree = "<group>"; };
		2C672A0F2B74CC01002BC21C /* EventsView.swift */ = {isa = PBXFileReference; lastKnownFileType = sourcecode.swift; path = EventsView.swift; sourceTree = "<group>"; };
		2C672A112B74CF76002BC21C /* EventsCalendarView.swift */ = {isa = PBXFileReference; lastKnownFileType = sourcecode.swift; path = EventsCalendarView.swift; sourceTree = "<group>"; };
		2C82BF5728726E3F0041BCA3 /* timeto.me.app */ = {isa = PBXFileReference; explicitFileType = wrapper.application; includeInIndex = 0; path = timeto.me.app; sourceTree = BUILT_PRODUCTS_DIR; };
		2C82BF5928726E400041BCA3 /* WAssets.xcassets */ = {isa = PBXFileReference; lastKnownFileType = folder.assetcatalog; path = WAssets.xcassets; sourceTree = "<group>"; };
		2C82BF6428726E400041BCA3 /* W_TabsView.swift */ = {isa = PBXFileReference; lastKnownFileType = sourcecode.swift; path = W_TabsView.swift; sourceTree = "<group>"; };
		2C82BF6628726E400041BCA3 /* W_App.swift */ = {isa = PBXFileReference; lastKnownFileType = sourcecode.swift; path = W_App.swift; sourceTree = "<group>"; };
		2C82BF6A28726E400041BCA3 /* Assets.xcassets */ = {isa = PBXFileReference; lastKnownFileType = folder.assetcatalog; path = Assets.xcassets; sourceTree = "<group>"; };
		2C82BF6D28726E400041BCA3 /* Preview Assets.xcassets */ = {isa = PBXFileReference; lastKnownFileType = folder.assetcatalog; path = "Preview Assets.xcassets"; sourceTree = "<group>"; };
		2C82BF6F28726E400041BCA3 /* Info.plist */ = {isa = PBXFileReference; lastKnownFileType = text.plist.xml; path = Info.plist; sourceTree = "<group>"; };
		2C82BF7B287272520041BCA3 /* W_Delegate.swift */ = {isa = PBXFileReference; lastKnownFileType = sourcecode.swift; path = W_Delegate.swift; sourceTree = "<group>"; };
		2C95BA7A280D74AA0027FC35 /* IOSApp.swift */ = {isa = PBXFileReference; lastKnownFileType = sourcecode.swift; path = IOSApp.swift; sourceTree = "<group>"; };
		2C95BA82280D74AA0027FC35 /* TimeTo.app */ = {isa = PBXFileReference; explicitFileType = wrapper.application; includeInIndex = 0; path = TimeTo.app; sourceTree = BUILT_PRODUCTS_DIR; };
		2CA9C0362C39F0E300A321FA /* DividerBgScroll.swift */ = {isa = PBXFileReference; lastKnownFileType = sourcecode.swift; path = DividerBgScroll.swift; sourceTree = "<group>"; };
		2CAF3CE12CD0110200CC6DE5 /* GoalPeriodFormFs.swift */ = {isa = PBXFileReference; lastKnownFileType = sourcecode.swift; path = GoalPeriodFormFs.swift; sourceTree = "<group>"; };
		2CB73DE2292FACE00053B2D6 /* SearchEmojiSheet.swift */ = {isa = PBXFileReference; lastKnownFileType = sourcecode.swift; path = SearchEmojiSheet.swift; sourceTree = "<group>"; };
		2CDEAB572C00E27600519C3D /* Fs.swift */ = {isa = PBXFileReference; lastKnownFileType = sourcecode.swift; path = Fs.swift; sourceTree = "<group>"; };
		2CDEAB592C00F90C00519C3D /* RepeatingFormPeriodFs.swift */ = {isa = PBXFileReference; lastKnownFileType = sourcecode.swift; path = RepeatingFormPeriodFs.swift; sourceTree = "<group>"; };
		3182106A0DA4A0D8844CFA11 /* ShortcutFormSheet.swift */ = {isa = PBXFileReference; fileEncoding = 4; lastKnownFileType = sourcecode.swift; path = ShortcutFormSheet.swift; sourceTree = "<group>"; };
		31821110E735778C88CDF821 /* Sheet.swift */ = {isa = PBXFileReference; fileEncoding = 4; lastKnownFileType = sourcecode.swift; path = Sheet.swift; sourceTree = "<group>"; };
		318211488ABF627A2A9935A7 /* ActivityColorSheet.swift */ = {isa = PBXFileReference; fileEncoding = 4; lastKnownFileType = sourcecode.swift; path = ActivityColorSheet.swift; sourceTree = "<group>"; };
		318211757B7EE8E4805AD047 /* ActivityTimerSheet.swift */ = {isa = PBXFileReference; fileEncoding = 4; lastKnownFileType = sourcecode.swift; path = ActivityTimerSheet.swift; sourceTree = "<group>"; };
		3182118D8EA3E0D889D4FDC3 /* utils_ios.swift */ = {isa = PBXFileReference; fileEncoding = 4; lastKnownFileType = sourcecode.swift; path = utils_ios.swift; sourceTree = "<group>"; };
		3182118DB415E858D0B449DB /* SummaryChartView.swift */ = {isa = PBXFileReference; fileEncoding = 4; lastKnownFileType = sourcecode.swift; path = SummaryChartView.swift; sourceTree = "<group>"; };
		3182118FAB48EDF7FE78201B /* TasksView.swift */ = {isa = PBXFileReference; fileEncoding = 4; lastKnownFileType = sourcecode.swift; path = TasksView.swift; sourceTree = "<group>"; };
		31821220E2A7C6FBE2EA3D34 /* EventsListEventView.swift */ = {isa = PBXFileReference; fileEncoding = 4; lastKnownFileType = sourcecode.swift; path = EventsListEventView.swift; sourceTree = "<group>"; };
		31821287721625075228B91E /* TabReadmeView.swift */ = {isa = PBXFileReference; fileEncoding = 4; lastKnownFileType = sourcecode.swift; path = TabReadmeView.swift; sourceTree = "<group>"; };
		31821290CB27918CD444FBB0 /* ChecklistItemFormSheet.swift */ = {isa = PBXFileReference; fileEncoding = 4; lastKnownFileType = sourcecode.swift; path = ChecklistItemFormSheet.swift; sourceTree = "<group>"; };
		318212B384624F1CF416C576 /* EventFormSheet.swift */ = {isa = PBXFileReference; fileEncoding = 4; lastKnownFileType = sourcecode.swift; path = EventFormSheet.swift; sourceTree = "<group>"; };
		318212FEA97CBD2AEC3AA1D6 /* ChecklistNameDialog.swift */ = {isa = PBXFileReference; fileEncoding = 4; lastKnownFileType = sourcecode.swift; path = ChecklistNameDialog.swift; sourceTree = "<group>"; };
		318212FFE80A0856A0A88DCF /* MySpacerSize.swift */ = {isa = PBXFileReference; fileEncoding = 4; lastKnownFileType = sourcecode.swift; path = MySpacerSize.swift; sourceTree = "<group>"; };
		31821346E2128825E6DBB9F8 /* atm_apple.swift */ = {isa = PBXFileReference; fileEncoding = 4; lastKnownFileType = sourcecode.swift; path = atm_apple.swift; sourceTree = "<group>"; };
		318213DE3B58FA098A8DBAE7 /* ActivitiesTimerSheet.swift */ = {isa = PBXFileReference; fileEncoding = 4; lastKnownFileType = sourcecode.swift; path = ActivitiesTimerSheet.swift; sourceTree = "<group>"; };
		318213EABC97ED666E1FBF91 /* NoteFormSheet.swift */ = {isa = PBXFileReference; fileEncoding = 4; lastKnownFileType = sourcecode.swift; path = NoteFormSheet.swift; sourceTree = "<group>"; };
		3182143FB317BCD82F61C777 /* SheetDividerFg.swift */ = {isa = PBXFileReference; fileEncoding = 4; lastKnownFileType = sourcecode.swift; path = SheetDividerFg.swift; sourceTree = "<group>"; };
		31821514C5F55F9A34FBC8AD /* FolderFormSheet.swift */ = {isa = PBXFileReference; fileEncoding = 4; lastKnownFileType = sourcecode.swift; path = FolderFormSheet.swift; sourceTree = "<group>"; };
		3182151D618D3ED8AEE1B80A /* Assets.xcassets */ = {isa = PBXFileReference; lastKnownFileType = folder.assetcatalog; path = Assets.xcassets; sourceTree = "<group>"; };
		3182151E7DF53609AA812ED1 /* TimerHintsView.swift */ = {isa = PBXFileReference; fileEncoding = 4; lastKnownFileType = sourcecode.swift; path = TimerHintsView.swift; sourceTree = "<group>"; };
		31821527096D1BDB0A35B178 /* TimetoAlert.swift */ = {isa = PBXFileReference; fileEncoding = 4; lastKnownFileType = sourcecode.swift; path = TimetoAlert.swift; sourceTree = "<group>"; };
		3182153700935B575E6144A5 /* EventsCalendarDayView.swift */ = {isa = PBXFileReference; fileEncoding = 4; lastKnownFileType = sourcecode.swift; path = EventsCalendarDayView.swift; sourceTree = "<group>"; };
		3182157C5CB954867515B4BA /* TriggersListIconsView.swift */ = {isa = PBXFileReference; fileEncoding = 4; lastKnownFileType = sourcecode.swift; path = TriggersListIconsView.swift; sourceTree = "<group>"; };
		318215C1991B23DE1654074B /* SettingsSheet.swift */ = {isa = PBXFileReference; fileEncoding = 4; lastKnownFileType = sourcecode.swift; path = SettingsSheet.swift; sourceTree = "<group>"; };
		3182161C9947F88C6A1D3B80 /* W_TabTasksView.swift */ = {isa = PBXFileReference; fileEncoding = 4; lastKnownFileType = sourcecode.swift; path = W_TabTasksView.swift; sourceTree = "<group>"; };
		31821629888DF1D9B797A39A /* DaytimePickerSliderView.swift */ = {isa = PBXFileReference; fileEncoding = 4; lastKnownFileType = sourcecode.swift; path = DaytimePickerSliderView.swift; sourceTree = "<group>"; };
		318216B917315DE1929486AC /* Divider.swift */ = {isa = PBXFileReference; fileEncoding = 4; lastKnownFileType = sourcecode.swift; path = Divider.swift; sourceTree = "<group>"; };
		318216D54CC429737780D176 /* TextFieldClearButtonView.swift */ = {isa = PBXFileReference; fileEncoding = 4; lastKnownFileType = sourcecode.swift; path = TextFieldClearButtonView.swift; sourceTree = "<group>"; };
		31821794CA93E29D6889286D /* ActivityFormSheet.swift */ = {isa = PBXFileReference; fileEncoding = 4; lastKnownFileType = sourcecode.swift; path = ActivityFormSheet.swift; sourceTree = "<group>"; };
		3182189A26C9B48C0D2E8A4A /* KeyboardManager.swift */ = {isa = PBXFileReference; fileEncoding = 4; lastKnownFileType = sourcecode.swift; path = KeyboardManager.swift; sourceTree = "<group>"; };
		318218D93C3456758557A6E0 /* ScrollViewWithVListener.swift */ = {isa = PBXFileReference; fileEncoding = 4; lastKnownFileType = sourcecode.swift; path = ScrollViewWithVListener.swift; sourceTree = "<group>"; };
		31821956E237470E838F18A0 /* SheetDividerBg.swift */ = {isa = PBXFileReference; fileEncoding = 4; lastKnownFileType = sourcecode.swift; path = SheetDividerBg.swift; sourceTree = "<group>"; };
		3182197746881B28790F44E1 /* ActivityPomodoroSheet.swift */ = {isa = PBXFileReference; fileEncoding = 4; lastKnownFileType = sourcecode.swift; path = ActivityPomodoroSheet.swift; sourceTree = "<group>"; };
		31821996D20B09EBA4F73C2B /* AppDelegate.swift */ = {isa = PBXFileReference; fileEncoding = 4; lastKnownFileType = sourcecode.swift; path = AppDelegate.swift; sourceTree = "<group>"; };
		318219ADD916F23943506F7F /* NativeSheet.swift */ = {isa = PBXFileReference; fileEncoding = 4; lastKnownFileType = sourcecode.swift; path = NativeSheet.swift; sourceTree = "<group>"; };
		31821A15532BF8D598665449 /* ActivityPickerSheet.swift */ = {isa = PBXFileReference; fileEncoding = 4; lastKnownFileType = sourcecode.swift; path = ActivityPickerSheet.swift; sourceTree = "<group>"; };
		31821A7EADEF749C7A5F04DE /* ChecklistSheet.swift */ = {isa = PBXFileReference; fileEncoding = 4; lastKnownFileType = sourcecode.swift; path = ChecklistSheet.swift; sourceTree = "<group>"; };
		31821ACA6C9306A2CD2016A0 /* HistoryView.swift */ = {isa = PBXFileReference; fileEncoding = 4; lastKnownFileType = sourcecode.swift; path = HistoryView.swift; sourceTree = "<group>"; };
		31821AD0C2CE87BF5AE03022 /* TasksListView.swift */ = {isa = PBXFileReference; fileEncoding = 4; lastKnownFileType = sourcecode.swift; path = TasksListView.swift; sourceTree = "<group>"; };
		31821AE61EE1FC22CCF8E753 /* TimerPickerSheet.swift */ = {isa = PBXFileReference; fileEncoding = 4; lastKnownFileType = sourcecode.swift; path = TimerPickerSheet.swift; sourceTree = "<group>"; };
		31821B172A150ADBF8ECF529 /* NoteSheet.swift */ = {isa = PBXFileReference; fileEncoding = 4; lastKnownFileType = sourcecode.swift; path = NoteSheet.swift; sourceTree = "<group>"; };
		31821B4BCB049B516BF2DF2E /* EventTemplatesView.swift */ = {isa = PBXFileReference; fileEncoding = 4; lastKnownFileType = sourcecode.swift; path = EventTemplatesView.swift; sourceTree = "<group>"; };
		31821B68F7E968EF32723112 /* RepeatingsListView.swift */ = {isa = PBXFileReference; fileEncoding = 4; lastKnownFileType = sourcecode.swift; path = RepeatingsListView.swift; sourceTree = "<group>"; };
		31821BCB57EC030987E8342E /* SheetHeaderView.swift */ = {isa = PBXFileReference; fileEncoding = 4; lastKnownFileType = sourcecode.swift; path = SheetHeaderView.swift; sourceTree = "<group>"; };
		31821C3C168B3948A5636451 /* EventTemplateFormSheet.swift */ = {isa = PBXFileReference; fileEncoding = 4; lastKnownFileType = sourcecode.swift; path = EventTemplateFormSheet.swift; sourceTree = "<group>"; };
		31821C625A8A199EAEF17182 /* MailView.swift */ = {isa = PBXFileReference; fileEncoding = 4; lastKnownFileType = sourcecode.swift; path = MailView.swift; sourceTree = "<group>"; };
		31821CC7588164B713321141 /* TextField__VMState.swift */ = {isa = PBXFileReference; fileEncoding = 4; lastKnownFileType = sourcecode.swift; path = TextField__VMState.swift; sourceTree = "<group>"; };
		31821CC8696F1EF2463FFE14 /* TextFeaturesTriggersFormView.swift */ = {isa = PBXFileReference; fileEncoding = 4; lastKnownFileType = sourcecode.swift; path = TextFeaturesTriggersFormView.swift; sourceTree = "<group>"; };
		31821CCA60BF87AA05635423 /* DividerFg.swift */ = {isa = PBXFileReference; fileEncoding = 4; lastKnownFileType = sourcecode.swift; path = DividerFg.swift; sourceTree = "<group>"; };
		31821CEEF63544D48A45B8F4 /* W_TabTimerView.swift */ = {isa = PBXFileReference; fileEncoding = 4; lastKnownFileType = sourcecode.swift; path = W_TabTimerView.swift; sourceTree = "<group>"; };
		31821CF31C64B32D614C6A9D /* EditActivitiesSheet.swift */ = {isa = PBXFileReference; fileEncoding = 4; lastKnownFileType = sourcecode.swift; path = EditActivitiesSheet.swift; sourceTree = "<group>"; };
		31821D2439CE2014EF5FF473 /* ChecklistsPickerSheet.swift */ = {isa = PBXFileReference; fileEncoding = 4; lastKnownFileType = sourcecode.swift; path = ChecklistsPickerSheet.swift; sourceTree = "<group>"; };
		31821D4211F3426B1F444F81 /* DaytimePickerSheet.swift */ = {isa = PBXFileReference; fileEncoding = 4; lastKnownFileType = sourcecode.swift; path = DaytimePickerSheet.swift; sourceTree = "<group>"; };
		31821D5928C18299586075F4 /* AutoBackupIos.swift */ = {isa = PBXFileReference; fileEncoding = 4; lastKnownFileType = sourcecode.swift; path = AutoBackupIos.swift; sourceTree = "<group>"; };
		31821D7654D0C105DFC60DDD /* MyListView.swift */ = {isa = PBXFileReference; fileEncoding = 4; lastKnownFileType = sourcecode.swift; path = MyListView.swift; sourceTree = "<group>"; };
		31821D879F9361C3DD65EAC9 /* RepeatingFormSheet.swift */ = {isa = PBXFileReference; fileEncoding = 4; lastKnownFileType = sourcecode.swift; path = RepeatingFormSheet.swift; sourceTree = "<group>"; };
		31821D886EB022A0AD988588 /* DividerBg.swift */ = {isa = PBXFileReference; fileEncoding = 4; lastKnownFileType = sourcecode.swift; path = DividerBg.swift; sourceTree = "<group>"; };
		31821DC6AEBDF478C34116FE /* MyListSwipeToActionItem.swift */ = {isa = PBXFileReference; fileEncoding = 4; lastKnownFileType = sourcecode.swift; path = MyListSwipeToActionItem.swift; sourceTree = "<group>"; };
		31821DED445F739FAF7C55D0 /* WhatsNewFs.swift */ = {isa = PBXFileReference; fileEncoding = 4; lastKnownFileType = sourcecode.swift; path = WhatsNewFs.swift; sourceTree = "<group>"; };
		31821E01EC49E0964E5CB2F5 /* PieView.swift */ = {isa = PBXFileReference; fileEncoding = 4; lastKnownFileType = sourcecode.swift; path = PieView.swift; sourceTree = "<group>"; };
		31821E3EB266890584C3EF87 /* FoldersSettingsSheet.swift */ = {isa = PBXFileReference; fileEncoding = 4; lastKnownFileType = sourcecode.swift; path = FoldersSettingsSheet.swift; sourceTree = "<group>"; };
		31821E53EB27CE7F81AF0F69 /* DialogCloseButton.swift */ = {isa = PBXFileReference; fileEncoding = 4; lastKnownFileType = sourcecode.swift; path = DialogCloseButton.swift; sourceTree = "<group>"; };
		31821E54E02F361F1AD21375 /* SummarySheet.swift */ = {isa = PBXFileReference; fileEncoding = 4; lastKnownFileType = sourcecode.swift; path = SummarySheet.swift; sourceTree = "<group>"; };
		31821E58DC92CD5673A6B49E /* utils_apple.swift */ = {isa = PBXFileReference; fileEncoding = 4; lastKnownFileType = sourcecode.swift; path = utils_apple.swift; sourceTree = "<group>"; };
		31821ED2142F08DDD1E0CC75 /* HomeView.swift */ = {isa = PBXFileReference; fileEncoding = 4; lastKnownFileType = sourcecode.swift; path = HomeView.swift; sourceTree = "<group>"; };
		31821F2108CAA3ADBA741879 /* WeekDaysFormView.swift */ = {isa = PBXFileReference; fileEncoding = 4; lastKnownFileType = sourcecode.swift; path = WeekDaysFormView.swift; sourceTree = "<group>"; };
		31821F29E288957ABB3DF794 /* TextFeaturesTimerFormView.swift */ = {isa = PBXFileReference; fileEncoding = 4; lastKnownFileType = sourcecode.swift; path = TextFeaturesTimerFormView.swift; sourceTree = "<group>"; };
		31821F4527059D286AC0AF41 /* TaskFormSheet.swift */ = {isa = PBXFileReference; fileEncoding = 4; lastKnownFileType = sourcecode.swift; path = TaskFormSheet.swift; sourceTree = "<group>"; };
		31821F7CBA1480191F065D5E /* EventsListView.swift */ = {isa = PBXFileReference; fileEncoding = 4; lastKnownFileType = sourcecode.swift; path = EventsListView.swift; sourceTree = "<group>"; };
		31821F858C3344296F2CB750 /* ShortcutsPickerSheet.swift */ = {isa = PBXFileReference; fileEncoding = 4; lastKnownFileType = sourcecode.swift; path = ShortcutsPickerSheet.swift; sourceTree = "<group>"; };
		31821FC26DE90D545D9620B0 /* W_TickerDialog.swift */ = {isa = PBXFileReference; fileEncoding = 4; lastKnownFileType = sourcecode.swift; path = W_TickerDialog.swift; sourceTree = "<group>"; };
/* End PBXFileReference section */

/* Begin PBXFrameworksBuildPhase section */
		2C82BF5C28726E400041BCA3 /* Frameworks */ = {
			isa = PBXFrameworksBuildPhase;
			buildActionMask = 2147483647;
			files = (
			);
			runOnlyForDeploymentPostprocessing = 0;
		};
		2C95BA7F280D74AA0027FC35 /* Frameworks */ = {
			isa = PBXFrameworksBuildPhase;
			buildActionMask = 2147483647;
			files = (
			);
			runOnlyForDeploymentPostprocessing = 0;
		};
/* End PBXFrameworksBuildPhase section */

/* Begin PBXGroup section */
		2C37C4122D21658600995840 /* Settings */ = {
			isa = PBXGroup;
			children = (
				2C37C41E2D219C5400995840 /* SettingsNavigation.swift */,
				2C37C41A2D217F6C00995840 /* SettingsScreen.swift */,
			);
			path = Settings;
			sourceTree = "<group>";
		};
		2C37C4132D2167FF00995840 /* common */ = {
			isa = PBXGroup;
			children = (
				2C37C4142D2169DE00995840 /* VmView.swift */,
				2C37C4172D216CF500995840 /* view_extensions.swift */,
			);
			path = common;
			sourceTree = "<group>";
		};
		2C4044962951FC5400A24521 /* resources */ = {
			isa = PBXGroup;
			children = (
				2C246BCE2AD563AC008780E1 /* sound_timer_expired.mp3 */,
				2C4F676E2A5C743D00F6013B /* timer_font.otf */,
				2C4044972951FCA800A24521 /* emojis.json */,
			);
			name = resources;
			sourceTree = "<group>";
		};
		2C82BF5828726E3F0041BCA3 /* watch */ = {
			isa = PBXGroup;
			children = (
				2C82BF5928726E400041BCA3 /* WAssets.xcassets */,
			);
			path = watch;
			sourceTree = "<group>";
		};
		2C82BF6328726E400041BCA3 /* watch WatchKit Extension */ = {
			isa = PBXGroup;
			children = (
				2C82BF6628726E400041BCA3 /* W_App.swift */,
				2C82BF7B287272520041BCA3 /* W_Delegate.swift */,
				2C82BF6428726E400041BCA3 /* W_TabsView.swift */,
				31821CEEF63544D48A45B8F4 /* W_TabTimerView.swift */,
				3182161C9947F88C6A1D3B80 /* W_TabTasksView.swift */,
				2C82BF6A28726E400041BCA3 /* Assets.xcassets */,
				2C82BF6F28726E400041BCA3 /* Info.plist */,
				2C82BF6C28726E400041BCA3 /* Preview Content */,
				31821FC26DE90D545D9620B0 /* W_TickerDialog.swift */,
			);
			path = "watch WatchKit Extension";
			sourceTree = "<group>";
		};
		2C82BF6C28726E400041BCA3 /* Preview Content */ = {
			isa = PBXGroup;
			children = (
				2C82BF6D28726E400041BCA3 /* Preview Assets.xcassets */,
			);
			path = "Preview Content";
			sourceTree = "<group>";
		};
		2C95BA72280D74A90027FC35 = {
			isa = PBXGroup;
			children = (
				31821F4C09E35259CCF747CD /* iphone */,
				2C37C4132D2167FF00995840 /* common */,
				2C95BA83280D74AA0027FC35 /* Products */,
				2C4044962951FC5400A24521 /* resources */,
				2C82BF5828726E3F0041BCA3 /* watch */,
				2C82BF6328726E400041BCA3 /* watch WatchKit Extension */,
				2C2C419628C4CF2A00923267 /* timeto (iOS).entitlements */,
				2C2C419728C4D83400923267 /* timeto--iOS--Info.plist */,
				31821346E2128825E6DBB9F8 /* atm_apple.swift */,
				31821E58DC92CD5673A6B49E /* utils_apple.swift */,
			);
			sourceTree = "<group>";
		};
		2C95BA83280D74AA0027FC35 /* Products */ = {
			isa = PBXGroup;
			children = (
				2C95BA82280D74AA0027FC35 /* TimeTo.app */,
				2C82BF5728726E3F0041BCA3 /* timeto.me.app */,
			);
			name = Products;
			sourceTree = "<group>";
		};
		318218DEA96CCDED8A4C448C /* ui */ = {
			isa = PBXGroup;
			children = (
				2C37C4242D22797100995840 /* Navigation.swift */,
				2C37C4122D21658600995840 /* Settings */,
				31821D7654D0C105DFC60DDD /* MyListView.swift */,
				318218D93C3456758557A6E0 /* ScrollViewWithVListener.swift */,
				31821BCB57EC030987E8342E /* SheetHeaderView.swift */,
				318216D54CC429737780D176 /* TextFieldClearButtonView.swift */,
				2C37C4222D21A90700995840 /* ReadmeScreen.swift */,
				2C37C4202D219FA200995840 /* WhatsNewScreen.swift */,
			);
			path = ui;
			sourceTree = "<group>";
		};
		31821F4C09E35259CCF747CD /* iphone */ = {
			isa = PBXGroup;
			children = (
				318218DEA96CCDED8A4C448C /* ui */,
				318213DE3B58FA098A8DBAE7 /* ActivitiesTimerSheet.swift */,
				318211488ABF627A2A9935A7 /* ActivityColorSheet.swift */,
				31821794CA93E29D6889286D /* ActivityFormSheet.swift */,
				31821A15532BF8D598665449 /* ActivityPickerSheet.swift */,
				3182197746881B28790F44E1 /* ActivityPomodoroSheet.swift */,
				318211757B7EE8E4805AD047 /* ActivityTimerSheet.swift */,
				31821996D20B09EBA4F73C2B /* AppDelegate.swift */,
				2C273F2A2BA4ACEB0016F11D /* AskAQuestionListButtonView.swift */,
				3182151D618D3ED8AEE1B80A /* Assets.xcassets */,
				31821D5928C18299586075F4 /* AutoBackupIos.swift */,
				2C273F2E2BBAE3090016F11D /* ChecklistFormSheet.swift */,
				31821290CB27918CD444FBB0 /* ChecklistItemFormSheet.swift */,
				318212FEA97CBD2AEC3AA1D6 /* ChecklistNameDialog.swift */,
				31821A7EADEF749C7A5F04DE /* ChecklistSheet.swift */,
				31821D2439CE2014EF5FF473 /* ChecklistsPickerSheet.swift */,
				2C273F2C2BB99A200016F11D /* ChecklistView.swift */,
				2C0BE02C295732110099AD7C /* DatePickerStateView.swift */,
				31821D4211F3426B1F444F81 /* DaytimePickerSheet.swift */,
				31821629888DF1D9B797A39A /* DaytimePickerSliderView.swift */,
				31821E53EB27CE7F81AF0F69 /* DialogCloseButton.swift */,
				318216B917315DE1929486AC /* Divider.swift */,
				31821D886EB022A0AD988588 /* DividerBg.swift */,
				2CA9C0362C39F0E300A321FA /* DividerBgScroll.swift */,
				31821CCA60BF87AA05635423 /* DividerFg.swift */,
				31821CF31C64B32D614C6A9D /* EditActivitiesSheet.swift */,
				318212B384624F1CF416C576 /* EventFormSheet.swift */,
				3182153700935B575E6144A5 /* EventsCalendarDayView.swift */,
				2C672A112B74CF76002BC21C /* EventsCalendarView.swift */,
				31821220E2A7C6FBE2EA3D34 /* EventsListEventView.swift */,
				31821F7CBA1480191F065D5E /* EventsListView.swift */,
				2C672A0F2B74CC01002BC21C /* EventsView.swift */,
				31821C3C168B3948A5636451 /* EventTemplateFormSheet.swift */,
				31821B4BCB049B516BF2DF2E /* EventTemplatesView.swift */,
				31821514C5F55F9A34FBC8AD /* FolderFormSheet.swift */,
				31821E3EB266890584C3EF87 /* FoldersSettingsSheet.swift */,
				2CDEAB572C00E27600519C3D /* Fs.swift */,
				2C4A5EE02CB7F71600340578 /* GoalFormFs.swift */,
				2CAF3CE12CD0110200CC6DE5 /* GoalPeriodFormFs.swift */,
				2C1531CF2CB566C300360615 /* GoalsFormFs.swift */,
				31821ACA6C9306A2CD2016A0 /* HistoryView.swift */,
				31821ED2142F08DDD1E0CC75 /* HomeView.swift */,
				2C95BA7A280D74AA0027FC35 /* IOSApp.swift */,
				3182189A26C9B48C0D2E8A4A /* KeyboardManager.swift */,
				31821C625A8A199EAEF17182 /* MailView.swift */,
				31821DC6AEBDF478C34116FE /* MyListSwipeToActionItem.swift */,
				318212FFE80A0856A0A88DCF /* MySpacerSize.swift */,
				318219ADD916F23943506F7F /* NativeSheet.swift */,
				318213EABC97ED666E1FBF91 /* NoteFormSheet.swift */,
				31821B172A150ADBF8ECF529 /* NoteSheet.swift */,
				2C0BE02E295751B70099AD7C /* PickerStateView.swift */,
				31821E01EC49E0964E5CB2F5 /* PieView.swift */,
				2C2C205C2B7A824A00D4B325 /* PrivacySheet.swift */,
				2C5BD61A2A6076F000AD4042 /* ReadmeSheet.swift */,
				2CDEAB592C00F90C00519C3D /* RepeatingFormPeriodFs.swift */,
				31821D879F9361C3DD65EAC9 /* RepeatingFormSheet.swift */,
				31821B68F7E968EF32723112 /* RepeatingsListView.swift */,
				2CB73DE2292FACE00053B2D6 /* SearchEmojiSheet.swift */,
				318215C1991B23DE1654074B /* SettingsSheet.swift */,
				31821110E735778C88CDF821 /* Sheet.swift */,
				31821956E237470E838F18A0 /* SheetDividerBg.swift */,
				3182143FB317BCD82F61C777 /* SheetDividerFg.swift */,
				3182106A0DA4A0D8844CFA11 /* ShortcutFormSheet.swift */,
				31821F858C3344296F2CB750 /* ShortcutsPickerSheet.swift */,
				3182118DB415E858D0B449DB /* SummaryChartView.swift */,
				31821E54E02F361F1AD21375 /* SummarySheet.swift */,
				31821287721625075228B91E /* TabReadmeView.swift */,
				31821F4527059D286AC0AF41 /* TaskFormSheet.swift */,
				31821AD0C2CE87BF5AE03022 /* TasksListView.swift */,
				3182118FAB48EDF7FE78201B /* TasksView.swift */,
				31821F29E288957ABB3DF794 /* TextFeaturesTimerFormView.swift */,
				31821CC8696F1EF2463FFE14 /* TextFeaturesTriggersFormView.swift */,
				31821CC7588164B713321141 /* TextField__VMState.swift */,
				3182151E7DF53609AA812ED1 /* TimerHintsView.swift */,
				31821AE61EE1FC22CCF8E753 /* TimerPickerSheet.swift */,
				31821527096D1BDB0A35B178 /* TimetoAlert.swift */,
				3182157C5CB954867515B4BA /* TriggersListIconsView.swift */,
				3182118D8EA3E0D889D4FDC3 /* utils_ios.swift */,
				31821F2108CAA3ADBA741879 /* WeekDaysFormView.swift */,
				31821DED445F739FAF7C55D0 /* WhatsNewFs.swift */,
			);
			path = iphone;
			sourceTree = "<group>";
		};
/* End PBXGroup section */

/* Begin PBXNativeTarget section */
		2C82BF5628726E3F0041BCA3 /* watch */ = {
			isa = PBXNativeTarget;
			buildConfigurationList = 2C82BF7A28726E400041BCA3 /* Build configuration list for PBXNativeTarget "watch" */;
			buildPhases = (
				2C82BF5528726E3F0041BCA3 /* Resources */,
				2C00B03C2914FE7700ACEC5B /* ShellScript */,
				2C82BF5B28726E400041BCA3 /* Sources */,
				2C82BF5C28726E400041BCA3 /* Frameworks */,
			);
			buildRules = (
			);
			dependencies = (
			);
			name = watch;
			productName = watch;
			productReference = 2C82BF5728726E3F0041BCA3 /* timeto.me.app */;
			productType = "com.apple.product-type.application";
		};
		2C95BA81280D74AA0027FC35 /* timeto (iOS) */ = {
			isa = PBXNativeTarget;
			buildConfigurationList = 2C95BA97280D74AA0027FC35 /* Build configuration list for PBXNativeTarget "timeto (iOS)" */;
			buildPhases = (
				2C01F713290AB2F100C88787 /* ShellScript */,
				2C95BA7E280D74AA0027FC35 /* Sources */,
				2C95BA7F280D74AA0027FC35 /* Frameworks */,
				2C95BA80280D74AA0027FC35 /* Resources */,
				2C82BF7328726E400041BCA3 /* Embed Watch Content */,
			);
			buildRules = (
			);
			dependencies = (
				2C82BF7128726E400041BCA3 /* PBXTargetDependency */,
			);
			name = "timeto (iOS)";
			productName = "timeto (iOS)";
			productReference = 2C95BA82280D74AA0027FC35 /* TimeTo.app */;
			productType = "com.apple.product-type.application";
		};
/* End PBXNativeTarget section */

/* Begin PBXProject section */
		2C95BA73280D74A90027FC35 /* Project object */ = {
			isa = PBXProject;
			attributes = {
				BuildIndependentTargetsInParallel = 1;
				LastSwiftUpdateCheck = 1340;
				LastUpgradeCheck = 1410;
				TargetAttributes = {
					2C82BF5628726E3F0041BCA3 = {
						CreatedOnToolsVersion = 13.4.1;
					};
					2C95BA81280D74AA0027FC35 = {
						CreatedOnToolsVersion = 13.3.1;
					};
				};
			};
			buildConfigurationList = 2C95BA76280D74A90027FC35 /* Build configuration list for PBXProject "timeto" */;
			compatibilityVersion = "Xcode 13.0";
			developmentRegion = en;
			hasScannedForEncodings = 0;
			knownRegions = (
				en,
				Base,
			);
			mainGroup = 2C95BA72280D74A90027FC35;
			productRefGroup = 2C95BA83280D74AA0027FC35 /* Products */;
			projectDirPath = "";
			projectRoot = "";
			targets = (
				2C95BA81280D74AA0027FC35 /* timeto (iOS) */,
				2C82BF5628726E3F0041BCA3 /* watch */,
			);
		};
/* End PBXProject section */

/* Begin PBXResourcesBuildPhase section */
		2C82BF5528726E3F0041BCA3 /* Resources */ = {
			isa = PBXResourcesBuildPhase;
			buildActionMask = 2147483647;
			files = (
				2C82BF6E28726E400041BCA3 /* Preview Assets.xcassets in Resources */,
				2C82BF6B28726E400041BCA3 /* Assets.xcassets in Resources */,
				2C82BF5A28726E400041BCA3 /* WAssets.xcassets in Resources */,
			);
			runOnlyForDeploymentPostprocessing = 0;
		};
		2C95BA80280D74AA0027FC35 /* Resources */ = {
			isa = PBXResourcesBuildPhase;
			buildActionMask = 2147483647;
			files = (
				2C4F676F2A5C743D00F6013B /* timer_font.otf in Resources */,
				2C246BCF2AD563AC008780E1 /* sound_timer_expired.mp3 in Resources */,
				2C4044982951FCA800A24521 /* emojis.json in Resources */,
				31821F9CB27F8F5BF61E2D37 /* Assets.xcassets in Resources */,
			);
			runOnlyForDeploymentPostprocessing = 0;
		};
/* End PBXResourcesBuildPhase section */

/* Begin PBXShellScriptBuildPhase section */
		2C00B03C2914FE7700ACEC5B /* ShellScript */ = {
			isa = PBXShellScriptBuildPhase;
			buildActionMask = 2147483647;
			files = (
			);
			inputFileListPaths = (
			);
			inputPaths = (
			);
			outputFileListPaths = (
			);
			outputPaths = (
			);
			runOnlyForDeploymentPostprocessing = 0;
			shellPath = /bin/sh;
			shellScript = "cd \"$SRCROOT/..\"\n./gradlew :shared:embedAndSignAppleFrameworkForXcode\n";
		};
		2C01F713290AB2F100C88787 /* ShellScript */ = {
			isa = PBXShellScriptBuildPhase;
			buildActionMask = 2147483647;
			files = (
			);
			inputFileListPaths = (
			);
			inputPaths = (
			);
			outputFileListPaths = (
			);
			outputPaths = (
			);
			runOnlyForDeploymentPostprocessing = 0;
			shellPath = /bin/sh;
			shellScript = "cd \"$SRCROOT/..\"\n./gradlew :shared:embedAndSignAppleFrameworkForXcode\n";
		};
/* End PBXShellScriptBuildPhase section */

/* Begin PBXSourcesBuildPhase section */
		2C82BF5B28726E400041BCA3 /* Sources */ = {
			isa = PBXSourcesBuildPhase;
			buildActionMask = 2147483647;
			files = (
				2C82BF7C287272520041BCA3 /* W_Delegate.swift in Sources */,
				2C82BF6528726E400041BCA3 /* W_TabsView.swift in Sources */,
				2C82BF6728726E400041BCA3 /* W_App.swift in Sources */,
				2C37C4182D216D0200995840 /* view_extensions.swift in Sources */,
				2C37C4162D216A6500995840 /* VmView.swift in Sources */,
				318214C7567540476671C2FB /* W_TabTimerView.swift in Sources */,
				318211D5994178629ED2FA09 /* W_TabTasksView.swift in Sources */,
				31821ED40BEA91336DBFE0B4 /* W_TickerDialog.swift in Sources */,
				318216E60DD4CA4153065416 /* utils_apple.swift in Sources */,
				318219F8C525548F4D40DF35 /* atm_apple.swift in Sources */,
			);
			runOnlyForDeploymentPostprocessing = 0;
		};
		2C95BA7E280D74AA0027FC35 /* Sources */ = {
			isa = PBXSourcesBuildPhase;
			buildActionMask = 2147483647;
			files = (
				2C95BA8D280D74AA0027FC35 /* IOSApp.swift in Sources */,
				2C672A102B74CC01002BC21C /* EventsView.swift in Sources */,
				318211C63D2C7A7AC48659E8 /* AppDelegate.swift in Sources */,
				318213463760A308F3C143A0 /* SettingsSheet.swift in Sources */,
				31821D960D04B6FF21EA9918 /* ActivityFormSheet.swift in Sources */,
				31821F3DCAF6792F0E78CEBD /* HistoryView.swift in Sources */,
				2C37C4212D219FA800995840 /* WhatsNewScreen.swift in Sources */,
				31821A46712E80148E00481B /* MailView.swift in Sources */,
				2C2E93F92905759100EAADBE /* TimerPickerSheet.swift in Sources */,
				31821E89257A3F8032DE116A /* SummaryChartView.swift in Sources */,
				2C37C4152D216A6500995840 /* VmView.swift in Sources */,
				2CB73DE3292FACE00053B2D6 /* SearchEmojiSheet.swift in Sources */,
				318212C07B5351BA8C7C9671 /* PieView.swift in Sources */,
				318214BD0E34368A953B17CD /* MyListSwipeToActionItem.swift in Sources */,
				2C0BE02F295751B70099AD7C /* PickerStateView.swift in Sources */,
				318216F271691CC07FC67AFC /* ChecklistNameDialog.swift in Sources */,
				318215D20ED732E4BF4F3071 /* ChecklistSheet.swift in Sources */,
				318214F11883D036EC488EA5 /* TaskFormSheet.swift in Sources */,
				2C273F2F2BBAE3090016F11D /* ChecklistFormSheet.swift in Sources */,
				318219E30EE52A96A502BF30 /* KeyboardManager.swift in Sources */,
				2C1531D02CB566CC00360615 /* GoalsFormFs.swift in Sources */,
				2C2E93F8290117E300EAADBE /* HomeView.swift in Sources */,
				2C2E93FA2905B57700EAADBE /* ScrollViewWithVListener.swift in Sources */,
				318213413EE00D5D8F3FA396 /* EventsListView.swift in Sources */,
				31821AAC3BB87DE0D8E46697 /* TasksView.swift in Sources */,
				2C37C4232D21A90D00995840 /* ReadmeScreen.swift in Sources */,
				2C5BD61B2A6076F000AD4042 /* ReadmeSheet.swift in Sources */,
				318210F0EEFF944CD87E3A98 /* TabReadmeView.swift in Sources */,
				318213FBF8D67B0E8E5463AC /* RepeatingsListView.swift in Sources */,
				3182132BB1D4C32160A2EBCE /* TasksListView.swift in Sources */,
				2C0BE02D295732110099AD7C /* DatePickerStateView.swift in Sources */,
				31821A947CB3AFF5CE923090 /* ShortcutFormSheet.swift in Sources */,
				318210ECF60308ECF341FEA2 /* utils_ios.swift in Sources */,
				318219D2BBD9BE5D46C83469 /* EditActivitiesSheet.swift in Sources */,
				318210E102D112C2860ADF9F /* DialogCloseButton.swift in Sources */,
				31821C4D6DA83EF42B805658 /* MySpacerSize.swift in Sources */,
				3182144AE3592F81006F06BC /* TextFieldClearButtonView.swift in Sources */,
				31821BCAB8BA795D691FADF8 /* MyListView.swift in Sources */,
				2C37C41F2D219C6900995840 /* SettingsNavigation.swift in Sources */,
				31821874203EAD4F021DAD0E /* AutoBackupIos.swift in Sources */,
				3182135819CDEB457816DD2B /* SheetHeaderView.swift in Sources */,
				318213F14285EE686F7C1AF4 /* RepeatingFormSheet.swift in Sources */,
				318216CD611B132D9DE288F3 /* EventTemplatesView.swift in Sources */,
				31821A329A5D1AE8F7CB0604 /* EventFormSheet.swift in Sources */,
				318219E4F8AFEB280A077F74 /* utils_apple.swift in Sources */,
				318210CF629A7E593B9F8FE4 /* ChecklistItemFormSheet.swift in Sources */,
				2C273F2B2BA4ACEB0016F11D /* AskAQuestionListButtonView.swift in Sources */,
				31821DF974247D110D01C3A2 /* ActivitiesTimerSheet.swift in Sources */,
				2C4A5EE12CB7F71600340578 /* GoalFormFs.swift in Sources */,
				31821611D065F54C0BC007A9 /* DaytimePickerSheet.swift in Sources */,
				318212D55BBA074155F95EB0 /* TextField__VMState.swift in Sources */,
				318215958A7A06F6610DF5AF /* TimetoAlert.swift in Sources */,
				2CDEAB582C00E27600519C3D /* Fs.swift in Sources */,
				318210C5F98B5CD4E8D8C104 /* FoldersSettingsSheet.swift in Sources */,
				2C273F2D2BB99A200016F11D /* ChecklistView.swift in Sources */,
				31821DF8D1DFB408872C85BD /* FolderFormSheet.swift in Sources */,
				2C37C4192D216D0200995840 /* view_extensions.swift in Sources */,
				31821AFA9798F3945CA34D09 /* ActivityPickerSheet.swift in Sources */,
				2C672A122B74CF76002BC21C /* EventsCalendarView.swift in Sources */,
				3182165F04FA76ED88CD4696 /* TextFeaturesTriggersFormView.swift in Sources */,
				3182163121ABFB307798FDA9 /* ChecklistsPickerSheet.swift in Sources */,
				31821D021B3DC7EACD7E4EAA /* ShortcutsPickerSheet.swift in Sources */,
				3182197D9BDC28A7649BA7E1 /* TextFeaturesTimerFormView.swift in Sources */,
				31821BC7F849A5C918F61175 /* ActivityColorSheet.swift in Sources */,
				3182115F28EDF1E93DC73694 /* DividerBg.swift in Sources */,
				3182199F1FA4EF9D78D19E95 /* Sheet.swift in Sources */,
				31821C0BB92532D84114C15C /* TriggersListIconsView.swift in Sources */,
				31821BCA3B405E8B0F65AB72 /* DividerFg.swift in Sources */,
				318219F4F07E446C4B3C607D /* Divider.swift in Sources */,
				2C37C41B2D217F6E00995840 /* SettingsScreen.swift in Sources */,
				318217982A5F8106B497432F /* SheetDividerBg.swift in Sources */,
				31821CF86EDC2A5C5CB362E0 /* SheetDividerFg.swift in Sources */,
				318214AB1E16DF8DC1C357F6 /* NativeSheet.swift in Sources */,
				318214AF2E65AEC255D6204D /* TimerHintsView.swift in Sources */,
				2CAF3CE22CD0110200CC6DE5 /* GoalPeriodFormFs.swift in Sources */,
				3182172EBDF607665AA6DBD2 /* ActivityTimerSheet.swift in Sources */,
				31821F9ADE8CC50422F28059 /* WeekDaysFormView.swift in Sources */,
				31821D1716CFA24F74C1BE6C /* NoteFormSheet.swift in Sources */,
				31821A31BFF9D29DD019E05D /* NoteSheet.swift in Sources */,
				31821EE26161D262CC020E3D /* SummarySheet.swift in Sources */,
				2CA9C0372C39F0E300A321FA /* DividerBgScroll.swift in Sources */,
				2CDEAB5A2C00F90C00519C3D /* RepeatingFormPeriodFs.swift in Sources */,
				31821859FBE8390BA3346A0E /* EventTemplateFormSheet.swift in Sources */,
				2C2C205D2B7A824A00D4B325 /* PrivacySheet.swift in Sources */,
				31821C095E0F97CA52AE37ED /* atm_apple.swift in Sources */,
				31821B177073394D777AED10 /* EventsCalendarDayView.swift in Sources */,
				31821FB6B5CC8647F2541328 /* EventsListEventView.swift in Sources */,
				2C37C4252D22797500995840 /* Navigation.swift in Sources */,
				31821D335AF5DBA16579CA61 /* WhatsNewFs.swift in Sources */,
				31821A76C3FAC481BE5C7C66 /* DaytimePickerSliderView.swift in Sources */,
				31821BD87B0E4B9CC03CD31D /* ActivityPomodoroSheet.swift in Sources */,
			);
			runOnlyForDeploymentPostprocessing = 0;
		};
/* End PBXSourcesBuildPhase section */

/* Begin PBXTargetDependency section */
		2C82BF7128726E400041BCA3 /* PBXTargetDependency */ = {
			isa = PBXTargetDependency;
			target = 2C82BF5628726E3F0041BCA3 /* watch */;
			targetProxy = 2C82BF7028726E400041BCA3 /* PBXContainerItemProxy */;
		};
/* End PBXTargetDependency section */

/* Begin XCBuildConfiguration section */
		2C82BF7428726E400041BCA3 /* Debug */ = {
			isa = XCBuildConfiguration;
			buildSettings = {
				ALWAYS_EMBED_SWIFT_STANDARD_LIBRARIES = YES;
				ASSETCATALOG_COMPILER_APPICON_NAME = WAppIcon;
				ASSETCATALOG_COMPILER_COMPLICATION_NAME = Complication;
				ASSETCATALOG_COMPILER_GLOBAL_ACCENT_COLOR_NAME = AccentColor;
				ASSETCATALOG_COMPILER_INCLUDE_ALL_APPICON_ASSETS = NO;
				CODE_SIGN_STYLE = Automatic;
				CURRENT_PROJECT_VERSION = 569;
				DEVELOPMENT_TEAM = R3A4Z5YL2T;
				EXCLUDED_ARCHS = arm64;
				FRAMEWORK_SEARCH_PATHS = "$(SRCROOT)/../shared/build/xcode-frameworks/$(CONFIGURATION)/$(SDK_NAME)";
				GENERATE_INFOPLIST_FILE = YES;
				INFOPLIST_KEY_CFBundleDisplayName = timeto.me;
				INFOPLIST_KEY_CLKComplicationPrincipalClass = TimeTo.ComplicationController;
				INFOPLIST_KEY_NSHumanReadableCopyright = "";
				INFOPLIST_KEY_UISupportedInterfaceOrientations = "UIInterfaceOrientationPortrait UIInterfaceOrientationPortraitUpsideDown";
				INFOPLIST_KEY_WKCompanionAppBundleIdentifier = me.timeto.app;
				INFOPLIST_KEY_WKRunsIndependentlyOfCompanionApp = NO;
				LD_RUNPATH_SEARCH_PATHS = (
					/usr/lib/swift,
					"'@executable_path/Frameworks'",
					"'@loader_path/Frameworks'",
					"@executable_path/Frameworks",
					"@executable_path/../../Frameworks",
				);
				MARKETING_VERSION = 2024.11.17;
				OTHER_LDFLAGS = (
					"$(inherited)",
					"-framework",
					shared,
				);
				PRODUCT_BUNDLE_IDENTIFIER = me.timeto.app.watch;
				PRODUCT_NAME = timeto.me;
				SDKROOT = watchos;
				SKIP_INSTALL = YES;
				SWIFT_EMIT_LOC_STRINGS = YES;
				SWIFT_VERSION = 5.0;
				TARGETED_DEVICE_FAMILY = 4;
				WATCHOS_DEPLOYMENT_TARGET = 9.0;
			};
			name = Debug;
		};
		2C82BF7528726E400041BCA3 /* Release */ = {
			isa = XCBuildConfiguration;
			buildSettings = {
				ALWAYS_EMBED_SWIFT_STANDARD_LIBRARIES = YES;
				ASSETCATALOG_COMPILER_APPICON_NAME = WAppIcon;
				ASSETCATALOG_COMPILER_COMPLICATION_NAME = Complication;
				ASSETCATALOG_COMPILER_GLOBAL_ACCENT_COLOR_NAME = AccentColor;
				ASSETCATALOG_COMPILER_INCLUDE_ALL_APPICON_ASSETS = NO;
				CODE_SIGN_STYLE = Automatic;
				CURRENT_PROJECT_VERSION = 569;
				DEVELOPMENT_TEAM = R3A4Z5YL2T;
				EXCLUDED_ARCHS = arm64;
				FRAMEWORK_SEARCH_PATHS = "$(SRCROOT)/../shared/build/xcode-frameworks/$(CONFIGURATION)/$(SDK_NAME)";
				GENERATE_INFOPLIST_FILE = YES;
				INFOPLIST_KEY_CFBundleDisplayName = timeto.me;
				INFOPLIST_KEY_CLKComplicationPrincipalClass = TimeTo.ComplicationController;
				INFOPLIST_KEY_NSHumanReadableCopyright = "";
				INFOPLIST_KEY_UISupportedInterfaceOrientations = "UIInterfaceOrientationPortrait UIInterfaceOrientationPortraitUpsideDown";
				INFOPLIST_KEY_WKCompanionAppBundleIdentifier = me.timeto.app;
				INFOPLIST_KEY_WKRunsIndependentlyOfCompanionApp = NO;
				LD_RUNPATH_SEARCH_PATHS = (
					/usr/lib/swift,
					"'@executable_path/Frameworks'",
					"'@loader_path/Frameworks'",
					"@executable_path/Frameworks",
					"@executable_path/../../Frameworks",
				);
				MARKETING_VERSION = 2024.11.17;
				OTHER_LDFLAGS = (
					"$(inherited)",
					"-framework",
					shared,
				);
				PRODUCT_BUNDLE_IDENTIFIER = me.timeto.app.watch;
				PRODUCT_NAME = timeto.me;
				SDKROOT = watchos;
				SKIP_INSTALL = YES;
				SWIFT_EMIT_LOC_STRINGS = YES;
				SWIFT_VERSION = 5.0;
				TARGETED_DEVICE_FAMILY = 4;
				VALIDATE_PRODUCT = YES;
				WATCHOS_DEPLOYMENT_TARGET = 9.0;
			};
			name = Release;
		};
		2C95BA95280D74AA0027FC35 /* Debug */ = {
			isa = XCBuildConfiguration;
			buildSettings = {
				ALWAYS_SEARCH_USER_PATHS = NO;
				CLANG_ANALYZER_NONNULL = YES;
				CLANG_ANALYZER_NUMBER_OBJECT_CONVERSION = YES_AGGRESSIVE;
				CLANG_CXX_LANGUAGE_STANDARD = "gnu++17";
				CLANG_ENABLE_MODULES = YES;
				CLANG_ENABLE_OBJC_ARC = YES;
				CLANG_ENABLE_OBJC_WEAK = YES;
				CLANG_WARN_BLOCK_CAPTURE_AUTORELEASING = YES;
				CLANG_WARN_BOOL_CONVERSION = YES;
				CLANG_WARN_COMMA = YES;
				CLANG_WARN_CONSTANT_CONVERSION = YES;
				CLANG_WARN_DEPRECATED_OBJC_IMPLEMENTATIONS = YES;
				CLANG_WARN_DIRECT_OBJC_ISA_USAGE = YES_ERROR;
				CLANG_WARN_DOCUMENTATION_COMMENTS = YES;
				CLANG_WARN_EMPTY_BODY = YES;
				CLANG_WARN_ENUM_CONVERSION = YES;
				CLANG_WARN_INFINITE_RECURSION = YES;
				CLANG_WARN_INT_CONVERSION = YES;
				CLANG_WARN_NON_LITERAL_NULL_CONVERSION = YES;
				CLANG_WARN_OBJC_IMPLICIT_RETAIN_SELF = YES;
				CLANG_WARN_OBJC_LITERAL_CONVERSION = YES;
				CLANG_WARN_OBJC_ROOT_CLASS = YES_ERROR;
				CLANG_WARN_QUOTED_INCLUDE_IN_FRAMEWORK_HEADER = YES;
				CLANG_WARN_RANGE_LOOP_ANALYSIS = YES;
				CLANG_WARN_STRICT_PROTOTYPES = YES;
				CLANG_WARN_SUSPICIOUS_MOVE = YES;
				CLANG_WARN_UNGUARDED_AVAILABILITY = YES_AGGRESSIVE;
				CLANG_WARN_UNREACHABLE_CODE = YES;
				CLANG_WARN__DUPLICATE_METHOD_MATCH = YES;
				COPY_PHASE_STRIP = NO;
				DEAD_CODE_STRIPPING = YES;
				DEBUG_INFORMATION_FORMAT = dwarf;
				ENABLE_STRICT_OBJC_MSGSEND = YES;
				ENABLE_TESTABILITY = YES;
				GCC_C_LANGUAGE_STANDARD = gnu11;
				GCC_DYNAMIC_NO_PIC = NO;
				GCC_NO_COMMON_BLOCKS = YES;
				GCC_OPTIMIZATION_LEVEL = 0;
				GCC_PREPROCESSOR_DEFINITIONS = (
					"DEBUG=1",
					"$(inherited)",
				);
				GCC_WARN_64_TO_32_BIT_CONVERSION = YES;
				GCC_WARN_ABOUT_RETURN_TYPE = YES_ERROR;
				GCC_WARN_UNDECLARED_SELECTOR = YES;
				GCC_WARN_UNINITIALIZED_AUTOS = YES_AGGRESSIVE;
				GCC_WARN_UNUSED_FUNCTION = YES;
				GCC_WARN_UNUSED_VARIABLE = YES;
				MTL_ENABLE_DEBUG_INFO = INCLUDE_SOURCE;
				MTL_FAST_MATH = YES;
				ONLY_ACTIVE_ARCH = YES;
				SWIFT_ACTIVE_COMPILATION_CONDITIONS = DEBUG;
				SWIFT_OPTIMIZATION_LEVEL = "-Onone";
			};
			name = Debug;
		};
		2C95BA96280D74AA0027FC35 /* Release */ = {
			isa = XCBuildConfiguration;
			buildSettings = {
				ALWAYS_SEARCH_USER_PATHS = NO;
				CLANG_ANALYZER_NONNULL = YES;
				CLANG_ANALYZER_NUMBER_OBJECT_CONVERSION = YES_AGGRESSIVE;
				CLANG_CXX_LANGUAGE_STANDARD = "gnu++17";
				CLANG_ENABLE_MODULES = YES;
				CLANG_ENABLE_OBJC_ARC = YES;
				CLANG_ENABLE_OBJC_WEAK = YES;
				CLANG_WARN_BLOCK_CAPTURE_AUTORELEASING = YES;
				CLANG_WARN_BOOL_CONVERSION = YES;
				CLANG_WARN_COMMA = YES;
				CLANG_WARN_CONSTANT_CONVERSION = YES;
				CLANG_WARN_DEPRECATED_OBJC_IMPLEMENTATIONS = YES;
				CLANG_WARN_DIRECT_OBJC_ISA_USAGE = YES_ERROR;
				CLANG_WARN_DOCUMENTATION_COMMENTS = YES;
				CLANG_WARN_EMPTY_BODY = YES;
				CLANG_WARN_ENUM_CONVERSION = YES;
				CLANG_WARN_INFINITE_RECURSION = YES;
				CLANG_WARN_INT_CONVERSION = YES;
				CLANG_WARN_NON_LITERAL_NULL_CONVERSION = YES;
				CLANG_WARN_OBJC_IMPLICIT_RETAIN_SELF = YES;
				CLANG_WARN_OBJC_LITERAL_CONVERSION = YES;
				CLANG_WARN_OBJC_ROOT_CLASS = YES_ERROR;
				CLANG_WARN_QUOTED_INCLUDE_IN_FRAMEWORK_HEADER = YES;
				CLANG_WARN_RANGE_LOOP_ANALYSIS = YES;
				CLANG_WARN_STRICT_PROTOTYPES = YES;
				CLANG_WARN_SUSPICIOUS_MOVE = YES;
				CLANG_WARN_UNGUARDED_AVAILABILITY = YES_AGGRESSIVE;
				CLANG_WARN_UNREACHABLE_CODE = YES;
				CLANG_WARN__DUPLICATE_METHOD_MATCH = YES;
				COPY_PHASE_STRIP = NO;
				DEAD_CODE_STRIPPING = YES;
				DEBUG_INFORMATION_FORMAT = "dwarf-with-dsym";
				ENABLE_NS_ASSERTIONS = NO;
				ENABLE_STRICT_OBJC_MSGSEND = YES;
				GCC_C_LANGUAGE_STANDARD = gnu11;
				GCC_NO_COMMON_BLOCKS = YES;
				GCC_WARN_64_TO_32_BIT_CONVERSION = YES;
				GCC_WARN_ABOUT_RETURN_TYPE = YES_ERROR;
				GCC_WARN_UNDECLARED_SELECTOR = YES;
				GCC_WARN_UNINITIALIZED_AUTOS = YES_AGGRESSIVE;
				GCC_WARN_UNUSED_FUNCTION = YES;
				GCC_WARN_UNUSED_VARIABLE = YES;
				MTL_ENABLE_DEBUG_INFO = NO;
				MTL_FAST_MATH = YES;
				SWIFT_COMPILATION_MODE = wholemodule;
				SWIFT_OPTIMIZATION_LEVEL = "-O";
			};
			name = Release;
		};
		2C95BA98280D74AA0027FC35 /* Debug */ = {
			isa = XCBuildConfiguration;
			buildSettings = {
				ASSETCATALOG_COMPILER_APPICON_NAME = AppIcon;
				ASSETCATALOG_COMPILER_GLOBAL_ACCENT_COLOR_NAME = AccentColor;
				CODE_SIGN_ENTITLEMENTS = "timeto (iOS).entitlements";
				CODE_SIGN_STYLE = Automatic;
				CURRENT_PROJECT_VERSION = 569;
				DEVELOPMENT_TEAM = R3A4Z5YL2T;
				ENABLE_PREVIEWS = YES;
				FRAMEWORK_SEARCH_PATHS = "$(SRCROOT)/../shared/build/xcode-frameworks/$(CONFIGURATION)/$(SDK_NAME)";
				GENERATE_INFOPLIST_FILE = YES;
				INFOPLIST_FILE = "timeto--iOS--Info.plist";
				INFOPLIST_KEY_CFBundleDisplayName = timeto.me;
				INFOPLIST_KEY_LSApplicationCategoryType = "public.app-category.productivity";
				INFOPLIST_KEY_LSSupportsOpeningDocumentsInPlace = YES;
				INFOPLIST_KEY_UIApplicationSceneManifest_Generation = YES;
				INFOPLIST_KEY_UIApplicationSupportsIndirectInputEvents = YES;
				INFOPLIST_KEY_UILaunchScreen_Generation = YES;
				INFOPLIST_KEY_UISupportedInterfaceOrientations_iPad = "UIInterfaceOrientationPortrait UIInterfaceOrientationPortraitUpsideDown UIInterfaceOrientationLandscapeLeft UIInterfaceOrientationLandscapeRight";
				INFOPLIST_KEY_UISupportedInterfaceOrientations_iPhone = UIInterfaceOrientationPortrait;
				IPHONEOS_DEPLOYMENT_TARGET = 17;
				LD_RUNPATH_SEARCH_PATHS = (
					"$(inherited)",
					"@executable_path/Frameworks",
				);
				MARKETING_VERSION = 2024.11.17;
				OTHER_LDFLAGS = (
					"$(inherited)",
					"-l\"c++\"",
					"-l\"sqlite3\"",
					"-l\"z\"",
					"-framework",
					"\"AdSupport\"",
					"-framework",
					"\"CFNetwork\"",
					"-framework",
					"\"CoreGraphics\"",
					"-framework",
					"\"CoreLocation\"",
					"-framework",
					"\"CoreTelephony\"",
					"-framework",
					"\"Foundation\"",
					"-framework",
					"\"SystemConfiguration\"",
					"-framework",
					"\"UIKit\"",
					"-framework",
					"\"WebKit\"",
					"$(inherited)",
					"-framework",
					shared,
				);
				PRODUCT_BUNDLE_IDENTIFIER = me.timeto.app;
				PRODUCT_NAME = TimeTo;
				SDKROOT = iphoneos;
				SWIFT_EMIT_LOC_STRINGS = YES;
				SWIFT_VERSION = 5.0;
				TARGETED_DEVICE_FAMILY = 1;
			};
			name = Debug;
		};
		2C95BA99280D74AA0027FC35 /* Release */ = {
			isa = XCBuildConfiguration;
			buildSettings = {
				ASSETCATALOG_COMPILER_APPICON_NAME = AppIcon;
				ASSETCATALOG_COMPILER_GLOBAL_ACCENT_COLOR_NAME = AccentColor;
				CODE_SIGN_ENTITLEMENTS = "timeto (iOS).entitlements";
				CODE_SIGN_STYLE = Automatic;
				CURRENT_PROJECT_VERSION = 569;
				DEVELOPMENT_TEAM = R3A4Z5YL2T;
				ENABLE_PREVIEWS = YES;
				FRAMEWORK_SEARCH_PATHS = "$(SRCROOT)/../shared/build/xcode-frameworks/$(CONFIGURATION)/$(SDK_NAME)";
				GENERATE_INFOPLIST_FILE = YES;
				INFOPLIST_FILE = "timeto--iOS--Info.plist";
				INFOPLIST_KEY_CFBundleDisplayName = timeto.me;
				INFOPLIST_KEY_LSApplicationCategoryType = "public.app-category.productivity";
				INFOPLIST_KEY_LSSupportsOpeningDocumentsInPlace = YES;
				INFOPLIST_KEY_UIApplicationSceneManifest_Generation = YES;
				INFOPLIST_KEY_UIApplicationSupportsIndirectInputEvents = YES;
				INFOPLIST_KEY_UILaunchScreen_Generation = YES;
				INFOPLIST_KEY_UISupportedInterfaceOrientations_iPad = "UIInterfaceOrientationPortrait UIInterfaceOrientationPortraitUpsideDown UIInterfaceOrientationLandscapeLeft UIInterfaceOrientationLandscapeRight";
				INFOPLIST_KEY_UISupportedInterfaceOrientations_iPhone = UIInterfaceOrientationPortrait;
				IPHONEOS_DEPLOYMENT_TARGET = 17;
				LD_RUNPATH_SEARCH_PATHS = (
					"$(inherited)",
					"@executable_path/Frameworks",
				);
				MARKETING_VERSION = 2024.11.17;
				OTHER_LDFLAGS = (
					"$(inherited)",
					"-l\"c++\"",
					"-l\"sqlite3\"",
					"-l\"z\"",
					"-framework",
					"\"AdSupport\"",
					"-framework",
					"\"CFNetwork\"",
					"-framework",
					"\"CoreGraphics\"",
					"-framework",
					"\"CoreLocation\"",
					"-framework",
					"\"CoreTelephony\"",
					"-framework",
					"\"Foundation\"",
					"-framework",
					"\"SystemConfiguration\"",
					"-framework",
					"\"UIKit\"",
					"-framework",
					"\"WebKit\"",
					"$(inherited)",
					"-framework",
					shared,
				);
				PRODUCT_BUNDLE_IDENTIFIER = me.timeto.app;
				PRODUCT_NAME = TimeTo;
				SDKROOT = iphoneos;
				SWIFT_EMIT_LOC_STRINGS = YES;
				SWIFT_VERSION = 5.0;
				TARGETED_DEVICE_FAMILY = 1;
				VALIDATE_PRODUCT = YES;
			};
			name = Release;
		};
/* End XCBuildConfiguration section */

/* Begin XCConfigurationList section */
		2C82BF7A28726E400041BCA3 /* Build configuration list for PBXNativeTarget "watch" */ = {
			isa = XCConfigurationList;
			buildConfigurations = (
				2C82BF7428726E400041BCA3 /* Debug */,
				2C82BF7528726E400041BCA3 /* Release */,
			);
			defaultConfigurationIsVisible = 0;
			defaultConfigurationName = Release;
		};
		2C95BA76280D74A90027FC35 /* Build configuration list for PBXProject "timeto" */ = {
			isa = XCConfigurationList;
			buildConfigurations = (
				2C95BA95280D74AA0027FC35 /* Debug */,
				2C95BA96280D74AA0027FC35 /* Release */,
			);
			defaultConfigurationIsVisible = 0;
			defaultConfigurationName = Release;
		};
		2C95BA97280D74AA0027FC35 /* Build configuration list for PBXNativeTarget "timeto (iOS)" */ = {
			isa = XCConfigurationList;
			buildConfigurations = (
				2C95BA98280D74AA0027FC35 /* Debug */,
				2C95BA99280D74AA0027FC35 /* Release */,
			);
			defaultConfigurationIsVisible = 0;
			defaultConfigurationName = Release;
		};
/* End XCConfigurationList section */
	};
	rootObject = 2C95BA73280D74A90027FC35 /* Project object */;
}
